
Microsoft Visual Studio Solution File, Format Version 12.00
# Visual Studio Version 17
VisualStudioVersion = 17.0.32112.339
MinimumVisualStudioVersion = 10.0.40219.1
Project("{9A19103F-16F7-4668-BE54-9A1E7A4F7556}") = "PrototipoEngSoftware.WebAPI", "PrototipoEngSoftware.WebAPI\PrototipoEngSoftware.WebAPI.csproj", "{5C68FD70-BCEB-48E7-84F3-B3D1E4269AC3}"
EndProject
Project("{9A19103F-16F7-4668-BE54-9A1E7A4F7556}") = "PrototipoEngSoftware.Infra.Data", "PrototipoEngSoftware.Infra.Data\PrototipoEngSoftware.Infra.Data.csproj", "{1003B026-C355-4DDE-AEFB-310E3A1B1583}"
EndProject
Project("{9A19103F-16F7-4668-BE54-9A1E7A4F7556}") = "PrototipoEngSoftware.Dominio", "PrototipoEngSoftware.Dominio\PrototipoEngSoftware.Dominio.csproj", "{7A6A9038-10A5-4FD4-A945-6FE2560A60BD}"
EndProject
Project("{2150E333-8FDC-42A3-9474-1A3956D46DE8}") = "1 - API", "1 - API", "{1D015C8F-00CB-41F0-9A1D-8B68F12074F6}"
EndProject
Project("{2150E333-8FDC-42A3-9474-1A3956D46DE8}") = "2 - Infraestrutura", "2 - Infraestrutura", "{EC25BBBA-D42A-4A33-A5C5-7F879744681C}"
EndProject
Project("{2150E333-8FDC-42A3-9474-1A3956D46DE8}") = "3 - Domínio", "3 - Domínio", "{1D2C1548-9B60-473B-8248-297B008900A0}"
EndProject
Global
	GlobalSection(SolutionConfigurationPlatforms) = preSolution
		Debug|Any CPU = Debug|Any CPU
		Release|Any CPU = Release|Any CPU
	EndGlobalSection
	GlobalSection(ProjectConfigurationPlatforms) = postSolution
		{5C68FD70-BCEB-48E7-84F3-B3D1E4269AC3}.Debug|Any CPU.ActiveCfg = Debug|Any CPU
		{5C68FD70-BCEB-48E7-84F3-B3D1E4269AC3}.Debug|Any CPU.Build.0 = Debug|Any CPU
		{5C68FD70-BCEB-48E7-84F3-B3D1E4269AC3}.Release|Any CPU.ActiveCfg = Release|Any CPU
		{5C68FD70-BCEB-48E7-84F3-B3D1E4269AC3}.Release|Any CPU.Build.0 = Release|Any CPU
		{1003B026-C355-4DDE-AEFB-310E3A1B1583}.Debug|Any CPU.ActiveCfg = Debug|Any CPU
		{1003B026-C355-4DDE-AEFB-310E3A1B1583}.Debug|Any CPU.Build.0 = Debug|Any CPU
		{1003B026-C355-4DDE-AEFB-310E3A1B1583}.Release|Any CPU.ActiveCfg = Release|Any CPU
		{1003B026-C355-4DDE-AEFB-310E3A1B1583}.Release|Any CPU.Build.0 = Release|Any CPU
		{7A6A9038-10A5-4FD4-A945-6FE2560A60BD}.Debug|Any CPU.ActiveCfg = Debug|Any CPU
		{7A6A9038-10A5-4FD4-A945-6FE2560A60BD}.Debug|Any CPU.Build.0 = Debug|Any CPU
		{7A6A9038-10A5-4FD4-A945-6FE2560A60BD}.Release|Any CPU.ActiveCfg = Release|Any CPU
		{7A6A9038-10A5-4FD4-A945-6FE2560A60BD}.Release|Any CPU.Build.0 = Release|Any CPU
	EndGlobalSection
	GlobalSection(SolutionProperties) = preSolution
		HideSolutionNode = FALSE
	EndGlobalSection
	GlobalSection(NestedProjects) = preSolution
		{5C68FD70-BCEB-48E7-84F3-B3D1E4269AC3} = {1D015C8F-00CB-41F0-9A1D-8B68F12074F6}
		{1003B026-C355-4DDE-AEFB-310E3A1B1583} = {EC25BBBA-D42A-4A33-A5C5-7F879744681C}
		{7A6A9038-10A5-4FD4-A945-6FE2560A60BD} = {1D2C1548-9B60-473B-8248-297B008900A0}
	EndGlobalSection
	GlobalSection(ExtensibilityGlobals) = postSolution
		SolutionGuid = {50F11039-8067-48CD-89EC-78FB88D92347}
	EndGlobalSection
EndGlobal
